
Microsoft Visual Studio Solution File, Format Version 12.00
# Visual Studio 2013
VisualStudioVersion = 12.0.21005.1
MinimumVisualStudioVersion = 10.0.40219.1
Project("{2150E333-8FDC-42A3-9474-1A3956D46DE8}") = "Source", "Source", "{4ED49EBF-C006-4D2D-96FA-BB3EF6FFFAD6}"
EndProject
Project("{2150E333-8FDC-42A3-9474-1A3956D46DE8}") = "Unit Test", "Unit Test", "{87ACB8A1-7262-4634-85C8-B10600407804}"
EndProject
Project("{2150E333-8FDC-42A3-9474-1A3956D46DE8}") = "External", "External", "{A17BA10E-02D1-4171-B470-2976CA662889}"
	ProjectSection(SolutionItems) = preProject
		External\Microsoft.Deployment.Compression.Cab.dll = External\Microsoft.Deployment.Compression.Cab.dll
		External\Microsoft.Deployment.Compression.Cab.xml = External\Microsoft.Deployment.Compression.Cab.xml
		External\Microsoft.Deployment.Compression.dll = External\Microsoft.Deployment.Compression.dll
		External\Microsoft.Deployment.Compression.xml = External\Microsoft.Deployment.Compression.xml
	EndProjectSection
EndProject
Project("{FAE04EC0-301F-11D3-BF4B-00C04F79EFBC}") = "InfoPathAnalyzer.Utility", "InfoPathAnalyzer.Utility\InfoPathAnalyzer.Utility.csproj", "{C589D2C8-E77F-4ECB-82CC-9F98C804832C}"
EndProject
Project("{FAE04EC0-301F-11D3-BF4B-00C04F79EFBC}") = "InfoPathAnalyzer.Model", "InfoPathAnalyzer.Model\InfoPathAnalyzer.Model.csproj", "{63833D61-8BD8-4E37-9AF8-25CB2DA0E483}"
EndProject
Project("{FAE04EC0-301F-11D3-BF4B-00C04F79EFBC}") = "InfoPathAnalyzer.IDAL", "InfoPathAnalyzer.IDAL\InfoPathAnalyzer.IDAL.csproj", "{663F1CCC-148F-4CF3-8B03-D6EE7DBBF8F2}"
EndProject
Project("{FAE04EC0-301F-11D3-BF4B-00C04F79EFBC}") = "InfoPathAnalyzer.DAL", "InfoPathAnalyzer.DAL\InfoPathAnalyzer.DAL.csproj", "{4C1E7506-A23E-42A1-B46D-6BD43AE55B44}"
EndProject
Project("{FAE04EC0-301F-11D3-BF4B-00C04F79EFBC}") = "InfoPathAnalyzer.IBLL", "InfoPathAnalyzer.IBLL\InfoPathAnalyzer.IBLL.csproj", "{78002306-7B50-4C3D-8B4B-CE9F118150FA}"
EndProject
Project("{FAE04EC0-301F-11D3-BF4B-00C04F79EFBC}") = "InfoPathAnalyzer.BLL", "InfoPathAnalyzer.BLL\InfoPathAnalyzer.BLL.csproj", "{F5FFF01C-FD49-4A5A-A888-24A3107C08B8}"
EndProject
Project("{2150E333-8FDC-42A3-9474-1A3956D46DE8}") = "Common", "Common", "{3B7961FB-5385-4A67-9600-CD700FEE06F7}"
EndProject
Project("{FAE04EC0-301F-11D3-BF4B-00C04F79EFBC}") = "Common.Extensions", "Common.Extensions\Common.Extensions.csproj", "{C41626E2-3977-4D0E-9CE7-250E060BD261}"
EndProject
Project("{2150E333-8FDC-42A3-9474-1A3956D46DE8}") = "Core", "Core", "{0241789C-8A75-4E88-ACD5-53F463E176D7}"
EndProject
Project("{FAE04EC0-301F-11D3-BF4B-00C04F79EFBC}") = "InfoPathAnalyzer.WinForm", "InfoPathAnalyzer.WinForm\InfoPathAnalyzer.WinForm.csproj", "{F969A920-3404-47B2-A063-820C426728C3}"
EndProject
Project("{FAE04EC0-301F-11D3-BF4B-00C04F79EFBC}") = "InfoPathAnalyzer.UC", "InfoPathAnalyzer.UC\InfoPathAnalyzer.UC.csproj", "{14A7B989-676A-4990-A532-F0B300002895}"
EndProject
Project("{FAE04EC0-301F-11D3-BF4B-00C04F79EFBC}") = "InfoPathAnalyzer.IInfoPathViewExtension", "InfoPathAnalyzer.IInfoPathViewExtension\InfoPathAnalyzer.IInfoPathViewExtension.csproj", "{C9B3B6E0-2E54-40CB-90DF-F452CBFD2D7C}"
EndProject
Project("{FAE04EC0-301F-11D3-BF4B-00C04F79EFBC}") = "InfoPathAnalyzer.InfoPathAnalyzerViewExtension", "InfoPathAnalyzer.InfoPathAnalyzerViewExtension\InfoPathAnalyzer.InfoPathAnalyzerViewExtension.csproj", "{0CB40554-79D2-4F03-90B6-7168945F0E78}"
EndProject
Project("{FAE04EC0-301F-11D3-BF4B-00C04F79EFBC}") = "InfoPathAnalyzer.InfoPathUnderlying", "InfoPathAnalyzer.InfoPathUnderlying\InfoPathAnalyzer.InfoPathUnderlying.csproj", "{C113B3CD-AACC-4809-BEF7-327393D39E1E}"
EndProject
Project("{2150E333-8FDC-42A3-9474-1A3956D46DE8}") = "Solution Items", "Solution Items", "{E446C8E8-8FD1-427F-9E46-AD2CDA32B8F9}"
EndProject
Project("{2150E333-8FDC-42A3-9474-1A3956D46DE8}") = "Web", "Web", "{54BC8ABC-7BD9-4EA2-AF88-88478E214036}"
EndProject
Project("{FAE04EC0-301F-11D3-BF4B-00C04F79EFBC}") = "InfoPathAnalyer.Online", "InfoPathAnalyer.Online\InfoPathAnalyer.Online.csproj", "{24B2C0FC-6258-4D5F-A110-777419B9BF7A}"
EndProject
Global
	GlobalSection(SolutionConfigurationPlatforms) = preSolution
		CD_ROM|Any CPU = CD_ROM|Any CPU
		CD_ROM|Mixed Platforms = CD_ROM|Mixed Platforms
		CD_ROM|x86 = CD_ROM|x86
		Debug|Any CPU = Debug|Any CPU
		Debug|Mixed Platforms = Debug|Mixed Platforms
		Debug|x86 = Debug|x86
		DVD-5|Any CPU = DVD-5|Any CPU
		DVD-5|Mixed Platforms = DVD-5|Mixed Platforms
		DVD-5|x86 = DVD-5|x86
		Release|Any CPU = Release|Any CPU
		Release|Mixed Platforms = Release|Mixed Platforms
		Release|x86 = Release|x86
		SingleImage|Any CPU = SingleImage|Any CPU
		SingleImage|Mixed Platforms = SingleImage|Mixed Platforms
		SingleImage|x86 = SingleImage|x86
	EndGlobalSection
	GlobalSection(ProjectConfigurationPlatforms) = postSolution
		{C589D2C8-E77F-4ECB-82CC-9F98C804832C}.CD_ROM|Any CPU.ActiveCfg = Release|Any CPU
		{C589D2C8-E77F-4ECB-82CC-9F98C804832C}.CD_ROM|Any CPU.Build.0 = Release|Any CPU
		{C589D2C8-E77F-4ECB-82CC-9F98C804832C}.CD_ROM|Mixed Platforms.ActiveCfg = Release|Any CPU
		{C589D2C8-E77F-4ECB-82CC-9F98C804832C}.CD_ROM|Mixed Platforms.Build.0 = Release|Any CPU
		{C589D2C8-E77F-4ECB-82CC-9F98C804832C}.CD_ROM|x86.ActiveCfg = Release|Any CPU
		{C589D2C8-E77F-4ECB-82CC-9F98C804832C}.Debug|Any CPU.ActiveCfg = Debug|Any CPU
		{C589D2C8-E77F-4ECB-82CC-9F98C804832C}.Debug|Any CPU.Build.0 = Debug|Any CPU
		{C589D2C8-E77F-4ECB-82CC-9F98C804832C}.Debug|Mixed Platforms.ActiveCfg = Debug|Any CPU
		{C589D2C8-E77F-4ECB-82CC-9F98C804832C}.Debug|Mixed Platforms.Build.0 = Debug|Any CPU
		{C589D2C8-E77F-4ECB-82CC-9F98C804832C}.Debug|x86.ActiveCfg = Debug|Any CPU
		{C589D2C8-E77F-4ECB-82CC-9F98C804832C}.DVD-5|Any CPU.ActiveCfg = Debug|Any CPU
		{C589D2C8-E77F-4ECB-82CC-9F98C804832C}.DVD-5|Any CPU.Build.0 = Debug|Any CPU
		{C589D2C8-E77F-4ECB-82CC-9F98C804832C}.DVD-5|Mixed Platforms.ActiveCfg = Debug|Any CPU
		{C589D2C8-E77F-4ECB-82CC-9F98C804832C}.DVD-5|Mixed Platforms.Build.0 = Debug|Any CPU
		{C589D2C8-E77F-4ECB-82CC-9F98C804832C}.DVD-5|x86.ActiveCfg = Debug|Any CPU
		{C589D2C8-E77F-4ECB-82CC-9F98C804832C}.Release|Any CPU.ActiveCfg = Release|Any CPU
		{C589D2C8-E77F-4ECB-82CC-9F98C804832C}.Release|Any CPU.Build.0 = Release|Any CPU
		{C589D2C8-E77F-4ECB-82CC-9F98C804832C}.Release|Mixed Platforms.ActiveCfg = Release|Any CPU
		{C589D2C8-E77F-4ECB-82CC-9F98C804832C}.Release|Mixed Platforms.Build.0 = Release|Any CPU
		{C589D2C8-E77F-4ECB-82CC-9F98C804832C}.Release|x86.ActiveCfg = Release|Any CPU
		{C589D2C8-E77F-4ECB-82CC-9F98C804832C}.SingleImage|Any CPU.ActiveCfg = Release|Any CPU
		{C589D2C8-E77F-4ECB-82CC-9F98C804832C}.SingleImage|Any CPU.Build.0 = Release|Any CPU
		{C589D2C8-E77F-4ECB-82CC-9F98C804832C}.SingleImage|Mixed Platforms.ActiveCfg = Release|Any CPU
		{C589D2C8-E77F-4ECB-82CC-9F98C804832C}.SingleImage|Mixed Platforms.Build.0 = Release|Any CPU
		{C589D2C8-E77F-4ECB-82CC-9F98C804832C}.SingleImage|x86.ActiveCfg = Release|Any CPU
		{63833D61-8BD8-4E37-9AF8-25CB2DA0E483}.CD_ROM|Any CPU.ActiveCfg = Release|Any CPU
		{63833D61-8BD8-4E37-9AF8-25CB2DA0E483}.CD_ROM|Any CPU.Build.0 = Release|Any CPU
		{63833D61-8BD8-4E37-9AF8-25CB2DA0E483}.CD_ROM|Mixed Platforms.ActiveCfg = Release|Any CPU
		{63833D61-8BD8-4E37-9AF8-25CB2DA0E483}.CD_ROM|Mixed Platforms.Build.0 = Release|Any CPU
		{63833D61-8BD8-4E37-9AF8-25CB2DA0E483}.CD_ROM|x86.ActiveCfg = Release|Any CPU
		{63833D61-8BD8-4E37-9AF8-25CB2DA0E483}.Debug|Any CPU.ActiveCfg = Debug|Any CPU
		{63833D61-8BD8-4E37-9AF8-25CB2DA0E483}.Debug|Any CPU.Build.0 = Debug|Any CPU
		{63833D61-8BD8-4E37-9AF8-25CB2DA0E483}.Debug|Mixed Platforms.ActiveCfg = Debug|Any CPU
		{63833D61-8BD8-4E37-9AF8-25CB2DA0E483}.Debug|Mixed Platforms.Build.0 = Debug|Any CPU
		{63833D61-8BD8-4E37-9AF8-25CB2DA0E483}.Debug|x86.ActiveCfg = Debug|Any CPU
		{63833D61-8BD8-4E37-9AF8-25CB2DA0E483}.DVD-5|Any CPU.ActiveCfg = Debug|Any CPU
		{63833D61-8BD8-4E37-9AF8-25CB2DA0E483}.DVD-5|Any CPU.Build.0 = Debug|Any CPU
		{63833D61-8BD8-4E37-9AF8-25CB2DA0E483}.DVD-5|Mixed Platforms.ActiveCfg = Debug|Any CPU
		{63833D61-8BD8-4E37-9AF8-25CB2DA0E483}.DVD-5|Mixed Platforms.Build.0 = Debug|Any CPU
		{63833D61-8BD8-4E37-9AF8-25CB2DA0E483}.DVD-5|x86.ActiveCfg = Debug|Any CPU
		{63833D61-8BD8-4E37-9AF8-25CB2DA0E483}.Release|Any CPU.ActiveCfg = Release|Any CPU
		{63833D61-8BD8-4E37-9AF8-25CB2DA0E483}.Release|Any CPU.Build.0 = Release|Any CPU
		{63833D61-8BD8-4E37-9AF8-25CB2DA0E483}.Release|Mixed Platforms.ActiveCfg = Release|Any CPU
		{63833D61-8BD8-4E37-9AF8-25CB2DA0E483}.Release|Mixed Platforms.Build.0 = Release|Any CPU
		{63833D61-8BD8-4E37-9AF8-25CB2DA0E483}.Release|x86.ActiveCfg = Release|Any CPU
		{63833D61-8BD8-4E37-9AF8-25CB2DA0E483}.SingleImage|Any CPU.ActiveCfg = Release|Any CPU
		{63833D61-8BD8-4E37-9AF8-25CB2DA0E483}.SingleImage|Any CPU.Build.0 = Release|Any CPU
		{63833D61-8BD8-4E37-9AF8-25CB2DA0E483}.SingleImage|Mixed Platforms.ActiveCfg = Release|Any CPU
		{63833D61-8BD8-4E37-9AF8-25CB2DA0E483}.SingleImage|Mixed Platforms.Build.0 = Release|Any CPU
		{63833D61-8BD8-4E37-9AF8-25CB2DA0E483}.SingleImage|x86.ActiveCfg = Release|Any CPU
		{663F1CCC-148F-4CF3-8B03-D6EE7DBBF8F2}.CD_ROM|Any CPU.ActiveCfg = Release|Any CPU
		{663F1CCC-148F-4CF3-8B03-D6EE7DBBF8F2}.CD_ROM|Any CPU.Build.0 = Release|Any CPU
		{663F1CCC-148F-4CF3-8B03-D6EE7DBBF8F2}.CD_ROM|Mixed Platforms.ActiveCfg = Release|Any CPU
		{663F1CCC-148F-4CF3-8B03-D6EE7DBBF8F2}.CD_ROM|Mixed Platforms.Build.0 = Release|Any CPU
		{663F1CCC-148F-4CF3-8B03-D6EE7DBBF8F2}.CD_ROM|x86.ActiveCfg = Release|Any CPU
		{663F1CCC-148F-4CF3-8B03-D6EE7DBBF8F2}.Debug|Any CPU.ActiveCfg = Debug|Any CPU
		{663F1CCC-148F-4CF3-8B03-D6EE7DBBF8F2}.Debug|Any CPU.Build.0 = Debug|Any CPU
		{663F1CCC-148F-4CF3-8B03-D6EE7DBBF8F2}.Debug|Mixed Platforms.ActiveCfg = Debug|Any CPU
		{663F1CCC-148F-4CF3-8B03-D6EE7DBBF8F2}.Debug|Mixed Platforms.Build.0 = Debug|Any CPU
		{663F1CCC-148F-4CF3-8B03-D6EE7DBBF8F2}.Debug|x86.ActiveCfg = Debug|Any CPU
		{663F1CCC-148F-4CF3-8B03-D6EE7DBBF8F2}.DVD-5|Any CPU.ActiveCfg = Debug|Any CPU
		{663F1CCC-148F-4CF3-8B03-D6EE7DBBF8F2}.DVD-5|Any CPU.Build.0 = Debug|Any CPU
		{663F1CCC-148F-4CF3-8B03-D6EE7DBBF8F2}.DVD-5|Mixed Platforms.ActiveCfg = Debug|Any CPU
		{663F1CCC-148F-4CF3-8B03-D6EE7DBBF8F2}.DVD-5|Mixed Platforms.Build.0 = Debug|Any CPU
		{663F1CCC-148F-4CF3-8B03-D6EE7DBBF8F2}.DVD-5|x86.ActiveCfg = Debug|Any CPU
		{663F1CCC-148F-4CF3-8B03-D6EE7DBBF8F2}.Release|Any CPU.ActiveCfg = Release|Any CPU
		{663F1CCC-148F-4CF3-8B03-D6EE7DBBF8F2}.Release|Any CPU.Build.0 = Release|Any CPU
		{663F1CCC-148F-4CF3-8B03-D6EE7DBBF8F2}.Release|Mixed Platforms.ActiveCfg = Release|Any CPU
		{663F1CCC-148F-4CF3-8B03-D6EE7DBBF8F2}.Release|Mixed Platforms.Build.0 = Release|Any CPU
		{663F1CCC-148F-4CF3-8B03-D6EE7DBBF8F2}.Release|x86.ActiveCfg = Release|Any CPU
		{663F1CCC-148F-4CF3-8B03-D6EE7DBBF8F2}.SingleImage|Any CPU.ActiveCfg = Release|Any CPU
		{663F1CCC-148F-4CF3-8B03-D6EE7DBBF8F2}.SingleImage|Any CPU.Build.0 = Release|Any CPU
		{663F1CCC-148F-4CF3-8B03-D6EE7DBBF8F2}.SingleImage|Mixed Platforms.ActiveCfg = Release|Any CPU
		{663F1CCC-148F-4CF3-8B03-D6EE7DBBF8F2}.SingleImage|Mixed Platforms.Build.0 = Release|Any CPU
		{663F1CCC-148F-4CF3-8B03-D6EE7DBBF8F2}.SingleImage|x86.ActiveCfg = Release|Any CPU
		{4C1E7506-A23E-42A1-B46D-6BD43AE55B44}.CD_ROM|Any CPU.ActiveCfg = Release|Any CPU
		{4C1E7506-A23E-42A1-B46D-6BD43AE55B44}.CD_ROM|Any CPU.Build.0 = Release|Any CPU
		{4C1E7506-A23E-42A1-B46D-6BD43AE55B44}.CD_ROM|Mixed Platforms.ActiveCfg = Release|Any CPU
		{4C1E7506-A23E-42A1-B46D-6BD43AE55B44}.CD_ROM|Mixed Platforms.Build.0 = Release|Any CPU
		{4C1E7506-A23E-42A1-B46D-6BD43AE55B44}.CD_ROM|x86.ActiveCfg = Release|Any CPU
		{4C1E7506-A23E-42A1-B46D-6BD43AE55B44}.Debug|Any CPU.ActiveCfg = Debug|Any CPU
		{4C1E7506-A23E-42A1-B46D-6BD43AE55B44}.Debug|Any CPU.Build.0 = Debug|Any CPU
		{4C1E7506-A23E-42A1-B46D-6BD43AE55B44}.Debug|Mixed Platforms.ActiveCfg = Debug|Any CPU
		{4C1E7506-A23E-42A1-B46D-6BD43AE55B44}.Debug|Mixed Platforms.Build.0 = Debug|Any CPU
		{4C1E7506-A23E-42A1-B46D-6BD43AE55B44}.Debug|x86.ActiveCfg = Debug|Any CPU
		{4C1E7506-A23E-42A1-B46D-6BD43AE55B44}.DVD-5|Any CPU.ActiveCfg = Debug|Any CPU
		{4C1E7506-A23E-42A1-B46D-6BD43AE55B44}.DVD-5|Any CPU.Build.0 = Debug|Any CPU
		{4C1E7506-A23E-42A1-B46D-6BD43AE55B44}.DVD-5|Mixed Platforms.ActiveCfg = Debug|Any CPU
		{4C1E7506-A23E-42A1-B46D-6BD43AE55B44}.DVD-5|Mixed Platforms.Build.0 = Debug|Any CPU
		{4C1E7506-A23E-42A1-B46D-6BD43AE55B44}.DVD-5|x86.ActiveCfg = Debug|Any CPU
		{4C1E7506-A23E-42A1-B46D-6BD43AE55B44}.Release|Any CPU.ActiveCfg = Release|Any CPU
		{4C1E7506-A23E-42A1-B46D-6BD43AE55B44}.Release|Any CPU.Build.0 = Release|Any CPU
		{4C1E7506-A23E-42A1-B46D-6BD43AE55B44}.Release|Mixed Platforms.ActiveCfg = Release|Any CPU
		{4C1E7506-A23E-42A1-B46D-6BD43AE55B44}.Release|Mixed Platforms.Build.0 = Release|Any CPU
		{4C1E7506-A23E-42A1-B46D-6BD43AE55B44}.Release|x86.ActiveCfg = Release|Any CPU
		{4C1E7506-A23E-42A1-B46D-6BD43AE55B44}.SingleImage|Any CPU.ActiveCfg = Release|Any CPU
		{4C1E7506-A23E-42A1-B46D-6BD43AE55B44}.SingleImage|Any CPU.Build.0 = Release|Any CPU
		{4C1E7506-A23E-42A1-B46D-6BD43AE55B44}.SingleImage|Mixed Platforms.ActiveCfg = Release|Any CPU
		{4C1E7506-A23E-42A1-B46D-6BD43AE55B44}.SingleImage|Mixed Platforms.Build.0 = Release|Any CPU
		{4C1E7506-A23E-42A1-B46D-6BD43AE55B44}.SingleImage|x86.ActiveCfg = Release|Any CPU
		{78002306-7B50-4C3D-8B4B-CE9F118150FA}.CD_ROM|Any CPU.ActiveCfg = Release|Any CPU
		{78002306-7B50-4C3D-8B4B-CE9F118150FA}.CD_ROM|Any CPU.Build.0 = Release|Any CPU
		{78002306-7B50-4C3D-8B4B-CE9F118150FA}.CD_ROM|Mixed Platforms.ActiveCfg = Release|Any CPU
		{78002306-7B50-4C3D-8B4B-CE9F118150FA}.CD_ROM|Mixed Platforms.Build.0 = Release|Any CPU
		{78002306-7B50-4C3D-8B4B-CE9F118150FA}.CD_ROM|x86.ActiveCfg = Release|Any CPU
		{78002306-7B50-4C3D-8B4B-CE9F118150FA}.Debug|Any CPU.ActiveCfg = Debug|Any CPU
		{78002306-7B50-4C3D-8B4B-CE9F118150FA}.Debug|Any CPU.Build.0 = Debug|Any CPU
		{78002306-7B50-4C3D-8B4B-CE9F118150FA}.Debug|Mixed Platforms.ActiveCfg = Debug|Any CPU
		{78002306-7B50-4C3D-8B4B-CE9F118150FA}.Debug|Mixed Platforms.Build.0 = Debug|Any CPU
		{78002306-7B50-4C3D-8B4B-CE9F118150FA}.Debug|x86.ActiveCfg = Debug|Any CPU
		{78002306-7B50-4C3D-8B4B-CE9F118150FA}.DVD-5|Any CPU.ActiveCfg = Debug|Any CPU
		{78002306-7B50-4C3D-8B4B-CE9F118150FA}.DVD-5|Any CPU.Build.0 = Debug|Any CPU
		{78002306-7B50-4C3D-8B4B-CE9F118150FA}.DVD-5|Mixed Platforms.ActiveCfg = Debug|Any CPU
		{78002306-7B50-4C3D-8B4B-CE9F118150FA}.DVD-5|Mixed Platforms.Build.0 = Debug|Any CPU
		{78002306-7B50-4C3D-8B4B-CE9F118150FA}.DVD-5|x86.ActiveCfg = Debug|Any CPU
		{78002306-7B50-4C3D-8B4B-CE9F118150FA}.Release|Any CPU.ActiveCfg = Release|Any CPU
		{78002306-7B50-4C3D-8B4B-CE9F118150FA}.Release|Any CPU.Build.0 = Release|Any CPU
		{78002306-7B50-4C3D-8B4B-CE9F118150FA}.Release|Mixed Platforms.ActiveCfg = Release|Any CPU
		{78002306-7B50-4C3D-8B4B-CE9F118150FA}.Release|Mixed Platforms.Build.0 = Release|Any CPU
		{78002306-7B50-4C3D-8B4B-CE9F118150FA}.Release|x86.ActiveCfg = Release|Any CPU
		{78002306-7B50-4C3D-8B4B-CE9F118150FA}.SingleImage|Any CPU.ActiveCfg = Release|Any CPU
		{78002306-7B50-4C3D-8B4B-CE9F118150FA}.SingleImage|Any CPU.Build.0 = Release|Any CPU
		{78002306-7B50-4C3D-8B4B-CE9F118150FA}.SingleImage|Mixed Platforms.ActiveCfg = Release|Any CPU
		{78002306-7B50-4C3D-8B4B-CE9F118150FA}.SingleImage|Mixed Platforms.Build.0 = Release|Any CPU
		{78002306-7B50-4C3D-8B4B-CE9F118150FA}.SingleImage|x86.ActiveCfg = Release|Any CPU
		{F5FFF01C-FD49-4A5A-A888-24A3107C08B8}.CD_ROM|Any CPU.ActiveCfg = Release|Any CPU
		{F5FFF01C-FD49-4A5A-A888-24A3107C08B8}.CD_ROM|Any CPU.Build.0 = Release|Any CPU
		{F5FFF01C-FD49-4A5A-A888-24A3107C08B8}.CD_ROM|Mixed Platforms.ActiveCfg = Release|Any CPU
		{F5FFF01C-FD49-4A5A-A888-24A3107C08B8}.CD_ROM|Mixed Platforms.Build.0 = Release|Any CPU
		{F5FFF01C-FD49-4A5A-A888-24A3107C08B8}.CD_ROM|x86.ActiveCfg = Release|Any CPU
		{F5FFF01C-FD49-4A5A-A888-24A3107C08B8}.Debug|Any CPU.ActiveCfg = Debug|Any CPU
		{F5FFF01C-FD49-4A5A-A888-24A3107C08B8}.Debug|Any CPU.Build.0 = Debug|Any CPU
		{F5FFF01C-FD49-4A5A-A888-24A3107C08B8}.Debug|Mixed Platforms.ActiveCfg = Debug|Any CPU
		{F5FFF01C-FD49-4A5A-A888-24A3107C08B8}.Debug|Mixed Platforms.Build.0 = Debug|Any CPU
		{F5FFF01C-FD49-4A5A-A888-24A3107C08B8}.Debug|x86.ActiveCfg = Debug|Any CPU
		{F5FFF01C-FD49-4A5A-A888-24A3107C08B8}.DVD-5|Any CPU.ActiveCfg = Debug|Any CPU
		{F5FFF01C-FD49-4A5A-A888-24A3107C08B8}.DVD-5|Any CPU.Build.0 = Debug|Any CPU
		{F5FFF01C-FD49-4A5A-A888-24A3107C08B8}.DVD-5|Mixed Platforms.ActiveCfg = Debug|Any CPU
		{F5FFF01C-FD49-4A5A-A888-24A3107C08B8}.DVD-5|Mixed Platforms.Build.0 = Debug|Any CPU
		{F5FFF01C-FD49-4A5A-A888-24A3107C08B8}.DVD-5|x86.ActiveCfg = Debug|Any CPU
		{F5FFF01C-FD49-4A5A-A888-24A3107C08B8}.Release|Any CPU.ActiveCfg = Release|Any CPU
		{F5FFF01C-FD49-4A5A-A888-24A3107C08B8}.Release|Any CPU.Build.0 = Release|Any CPU
		{F5FFF01C-FD49-4A5A-A888-24A3107C08B8}.Release|Mixed Platforms.ActiveCfg = Release|Any CPU
		{F5FFF01C-FD49-4A5A-A888-24A3107C08B8}.Release|Mixed Platforms.Build.0 = Release|Any CPU
		{F5FFF01C-FD49-4A5A-A888-24A3107C08B8}.Release|x86.ActiveCfg = Release|Any CPU
		{F5FFF01C-FD49-4A5A-A888-24A3107C08B8}.SingleImage|Any CPU.ActiveCfg = Release|Any CPU
		{F5FFF01C-FD49-4A5A-A888-24A3107C08B8}.SingleImage|Any CPU.Build.0 = Release|Any CPU
		{F5FFF01C-FD49-4A5A-A888-24A3107C08B8}.SingleImage|Mixed Platforms.ActiveCfg = Release|Any CPU
		{F5FFF01C-FD49-4A5A-A888-24A3107C08B8}.SingleImage|Mixed Platforms.Build.0 = Release|Any CPU
		{F5FFF01C-FD49-4A5A-A888-24A3107C08B8}.SingleImage|x86.ActiveCfg = Release|Any CPU
		{C41626E2-3977-4D0E-9CE7-250E060BD261}.CD_ROM|Any CPU.ActiveCfg = Release|Any CPU
		{C41626E2-3977-4D0E-9CE7-250E060BD261}.CD_ROM|Any CPU.Build.0 = Release|Any CPU
		{C41626E2-3977-4D0E-9CE7-250E060BD261}.CD_ROM|Mixed Platforms.ActiveCfg = Release|Any CPU
		{C41626E2-3977-4D0E-9CE7-250E060BD261}.CD_ROM|Mixed Platforms.Build.0 = Release|Any CPU
		{C41626E2-3977-4D0E-9CE7-250E060BD261}.CD_ROM|x86.ActiveCfg = Release|Any CPU
		{C41626E2-3977-4D0E-9CE7-250E060BD261}.Debug|Any CPU.ActiveCfg = Debug|Any CPU
		{C41626E2-3977-4D0E-9CE7-250E060BD261}.Debug|Any CPU.Build.0 = Debug|Any CPU
		{C41626E2-3977-4D0E-9CE7-250E060BD261}.Debug|Mixed Platforms.ActiveCfg = Debug|Any CPU
		{C41626E2-3977-4D0E-9CE7-250E060BD261}.Debug|Mixed Platforms.Build.0 = Debug|Any CPU
		{C41626E2-3977-4D0E-9CE7-250E060BD261}.Debug|x86.ActiveCfg = Debug|Any CPU
		{C41626E2-3977-4D0E-9CE7-250E060BD261}.DVD-5|Any CPU.ActiveCfg = Debug|Any CPU
		{C41626E2-3977-4D0E-9CE7-250E060BD261}.DVD-5|Any CPU.Build.0 = Debug|Any CPU
		{C41626E2-3977-4D0E-9CE7-250E060BD261}.DVD-5|Mixed Platforms.ActiveCfg = Debug|Any CPU
		{C41626E2-3977-4D0E-9CE7-250E060BD261}.DVD-5|Mixed Platforms.Build.0 = Debug|Any CPU
		{C41626E2-3977-4D0E-9CE7-250E060BD261}.DVD-5|x86.ActiveCfg = Debug|Any CPU
		{C41626E2-3977-4D0E-9CE7-250E060BD261}.Release|Any CPU.ActiveCfg = Release|Any CPU
		{C41626E2-3977-4D0E-9CE7-250E060BD261}.Release|Any CPU.Build.0 = Release|Any CPU
		{C41626E2-3977-4D0E-9CE7-250E060BD261}.Release|Mixed Platforms.ActiveCfg = Release|Any CPU
		{C41626E2-3977-4D0E-9CE7-250E060BD261}.Release|Mixed Platforms.Build.0 = Release|Any CPU
		{C41626E2-3977-4D0E-9CE7-250E060BD261}.Release|x86.ActiveCfg = Release|Any CPU
		{C41626E2-3977-4D0E-9CE7-250E060BD261}.SingleImage|Any CPU.ActiveCfg = Release|Any CPU
		{C41626E2-3977-4D0E-9CE7-250E060BD261}.SingleImage|Any CPU.Build.0 = Release|Any CPU
		{C41626E2-3977-4D0E-9CE7-250E060BD261}.SingleImage|Mixed Platforms.ActiveCfg = Release|Any CPU
		{C41626E2-3977-4D0E-9CE7-250E060BD261}.SingleImage|Mixed Platforms.Build.0 = Release|Any CPU
		{C41626E2-3977-4D0E-9CE7-250E060BD261}.SingleImage|x86.ActiveCfg = Release|Any CPU
		{F969A920-3404-47B2-A063-820C426728C3}.CD_ROM|Any CPU.ActiveCfg = Release|x86
		{F969A920-3404-47B2-A063-820C426728C3}.CD_ROM|Mixed Platforms.ActiveCfg = Release|x86
		{F969A920-3404-47B2-A063-820C426728C3}.CD_ROM|Mixed Platforms.Build.0 = Release|x86
		{F969A920-3404-47B2-A063-820C426728C3}.CD_ROM|x86.ActiveCfg = Release|x86
		{F969A920-3404-47B2-A063-820C426728C3}.CD_ROM|x86.Build.0 = Release|x86
		{F969A920-3404-47B2-A063-820C426728C3}.Debug|Any CPU.ActiveCfg = Debug|x86
		{F969A920-3404-47B2-A063-820C426728C3}.Debug|Mixed Platforms.ActiveCfg = Debug|x86
		{F969A920-3404-47B2-A063-820C426728C3}.Debug|Mixed Platforms.Build.0 = Debug|x86
		{F969A920-3404-47B2-A063-820C426728C3}.Debug|x86.ActiveCfg = Debug|x86
		{F969A920-3404-47B2-A063-820C426728C3}.Debug|x86.Build.0 = Debug|x86
		{F969A920-3404-47B2-A063-820C426728C3}.DVD-5|Any CPU.ActiveCfg = Debug|x86
		{F969A920-3404-47B2-A063-820C426728C3}.DVD-5|Mixed Platforms.ActiveCfg = Debug|x86
		{F969A920-3404-47B2-A063-820C426728C3}.DVD-5|Mixed Platforms.Build.0 = Debug|x86
		{F969A920-3404-47B2-A063-820C426728C3}.DVD-5|x86.ActiveCfg = Debug|x86
		{F969A920-3404-47B2-A063-820C426728C3}.DVD-5|x86.Build.0 = Debug|x86
		{F969A920-3404-47B2-A063-820C426728C3}.Release|Any CPU.ActiveCfg = Release|x86
		{F969A920-3404-47B2-A063-820C426728C3}.Release|Mixed Platforms.ActiveCfg = Release|x86
		{F969A920-3404-47B2-A063-820C426728C3}.Release|Mixed Platforms.Build.0 = Release|x86
		{F969A920-3404-47B2-A063-820C426728C3}.Release|x86.ActiveCfg = Release|x86
		{F969A920-3404-47B2-A063-820C426728C3}.Release|x86.Build.0 = Release|x86
		{F969A920-3404-47B2-A063-820C426728C3}.SingleImage|Any CPU.ActiveCfg = Release|x86
		{F969A920-3404-47B2-A063-820C426728C3}.SingleImage|Mixed Platforms.ActiveCfg = Release|x86
		{F969A920-3404-47B2-A063-820C426728C3}.SingleImage|Mixed Platforms.Build.0 = Release|x86
		{F969A920-3404-47B2-A063-820C426728C3}.SingleImage|x86.ActiveCfg = Release|x86
		{F969A920-3404-47B2-A063-820C426728C3}.SingleImage|x86.Build.0 = Release|x86
		{14A7B989-676A-4990-A532-F0B300002895}.CD_ROM|Any CPU.ActiveCfg = Release|Any CPU
		{14A7B989-676A-4990-A532-F0B300002895}.CD_ROM|Any CPU.Build.0 = Release|Any CPU
		{14A7B989-676A-4990-A532-F0B300002895}.CD_ROM|Mixed Platforms.ActiveCfg = Release|Any CPU
		{14A7B989-676A-4990-A532-F0B300002895}.CD_ROM|Mixed Platforms.Build.0 = Release|Any CPU
		{14A7B989-676A-4990-A532-F0B300002895}.CD_ROM|x86.ActiveCfg = Release|Any CPU
		{14A7B989-676A-4990-A532-F0B300002895}.Debug|Any CPU.ActiveCfg = Debug|Any CPU
		{14A7B989-676A-4990-A532-F0B300002895}.Debug|Any CPU.Build.0 = Debug|Any CPU
		{14A7B989-676A-4990-A532-F0B300002895}.Debug|Mixed Platforms.ActiveCfg = Debug|Any CPU
		{14A7B989-676A-4990-A532-F0B300002895}.Debug|Mixed Platforms.Build.0 = Debug|Any CPU
		{14A7B989-676A-4990-A532-F0B300002895}.Debug|x86.ActiveCfg = Debug|Any CPU
		{14A7B989-676A-4990-A532-F0B300002895}.DVD-5|Any CPU.ActiveCfg = Debug|Any CPU
		{14A7B989-676A-4990-A532-F0B300002895}.DVD-5|Any CPU.Build.0 = Debug|Any CPU
		{14A7B989-676A-4990-A532-F0B300002895}.DVD-5|Mixed Platforms.ActiveCfg = Debug|Any CPU
		{14A7B989-676A-4990-A532-F0B300002895}.DVD-5|Mixed Platforms.Build.0 = Debug|Any CPU
		{14A7B989-676A-4990-A532-F0B300002895}.DVD-5|x86.ActiveCfg = Debug|Any CPU
		{14A7B989-676A-4990-A532-F0B300002895}.Release|Any CPU.ActiveCfg = Release|Any CPU
		{14A7B989-676A-4990-A532-F0B300002895}.Release|Any CPU.Build.0 = Release|Any CPU
		{14A7B989-676A-4990-A532-F0B300002895}.Release|Mixed Platforms.ActiveCfg = Release|Any CPU
		{14A7B989-676A-4990-A532-F0B300002895}.Release|Mixed Platforms.Build.0 = Release|Any CPU
		{14A7B989-676A-4990-A532-F0B300002895}.Release|x86.ActiveCfg = Release|Any CPU
		{14A7B989-676A-4990-A532-F0B300002895}.SingleImage|Any CPU.ActiveCfg = Release|Any CPU
		{14A7B989-676A-4990-A532-F0B300002895}.SingleImage|Any CPU.Build.0 = Release|Any CPU
		{14A7B989-676A-4990-A532-F0B300002895}.SingleImage|Mixed Platforms.ActiveCfg = Release|Any CPU
		{14A7B989-676A-4990-A532-F0B300002895}.SingleImage|Mixed Platforms.Build.0 = Release|Any CPU
		{14A7B989-676A-4990-A532-F0B300002895}.SingleImage|x86.ActiveCfg = Release|Any CPU
		{C9B3B6E0-2E54-40CB-90DF-F452CBFD2D7C}.CD_ROM|Any CPU.ActiveCfg = Release|Any CPU
		{C9B3B6E0-2E54-40CB-90DF-F452CBFD2D7C}.CD_ROM|Any CPU.Build.0 = Release|Any CPU
		{C9B3B6E0-2E54-40CB-90DF-F452CBFD2D7C}.CD_ROM|Mixed Platforms.ActiveCfg = Release|Any CPU
		{C9B3B6E0-2E54-40CB-90DF-F452CBFD2D7C}.CD_ROM|Mixed Platforms.Build.0 = Release|Any CPU
		{C9B3B6E0-2E54-40CB-90DF-F452CBFD2D7C}.CD_ROM|x86.ActiveCfg = Release|Any CPU
		{C9B3B6E0-2E54-40CB-90DF-F452CBFD2D7C}.Debug|Any CPU.ActiveCfg = Debug|Any CPU
		{C9B3B6E0-2E54-40CB-90DF-F452CBFD2D7C}.Debug|Any CPU.Build.0 = Debug|Any CPU
		{C9B3B6E0-2E54-40CB-90DF-F452CBFD2D7C}.Debug|Mixed Platforms.ActiveCfg = Debug|Any CPU
		{C9B3B6E0-2E54-40CB-90DF-F452CBFD2D7C}.Debug|Mixed Platforms.Build.0 = Debug|Any CPU
		{C9B3B6E0-2E54-40CB-90DF-F452CBFD2D7C}.Debug|x86.ActiveCfg = Debug|Any CPU
		{C9B3B6E0-2E54-40CB-90DF-F452CBFD2D7C}.DVD-5|Any CPU.ActiveCfg = Debug|Any CPU
		{C9B3B6E0-2E54-40CB-90DF-F452CBFD2D7C}.DVD-5|Any CPU.Build.0 = Debug|Any CPU
		{C9B3B6E0-2E54-40CB-90DF-F452CBFD2D7C}.DVD-5|Mixed Platforms.ActiveCfg = Debug|Any CPU
		{C9B3B6E0-2E54-40CB-90DF-F452CBFD2D7C}.DVD-5|Mixed Platforms.Build.0 = Debug|Any CPU
		{C9B3B6E0-2E54-40CB-90DF-F452CBFD2D7C}.DVD-5|x86.ActiveCfg = Debug|Any CPU
		{C9B3B6E0-2E54-40CB-90DF-F452CBFD2D7C}.Release|Any CPU.ActiveCfg = Release|Any CPU
		{C9B3B6E0-2E54-40CB-90DF-F452CBFD2D7C}.Release|Any CPU.Build.0 = Release|Any CPU
		{C9B3B6E0-2E54-40CB-90DF-F452CBFD2D7C}.Release|Mixed Platforms.ActiveCfg = Release|Any CPU
		{C9B3B6E0-2E54-40CB-90DF-F452CBFD2D7C}.Release|Mixed Platforms.Build.0 = Release|Any CPU
		{C9B3B6E0-2E54-40CB-90DF-F452CBFD2D7C}.Release|x86.ActiveCfg = Release|Any CPU
		{C9B3B6E0-2E54-40CB-90DF-F452CBFD2D7C}.SingleImage|Any CPU.ActiveCfg = Release|Any CPU
		{C9B3B6E0-2E54-40CB-90DF-F452CBFD2D7C}.SingleImage|Any CPU.Build.0 = Release|Any CPU
		{C9B3B6E0-2E54-40CB-90DF-F452CBFD2D7C}.SingleImage|Mixed Platforms.ActiveCfg = Release|Any CPU
		{C9B3B6E0-2E54-40CB-90DF-F452CBFD2D7C}.SingleImage|Mixed Platforms.Build.0 = Release|Any CPU
		{C9B3B6E0-2E54-40CB-90DF-F452CBFD2D7C}.SingleImage|x86.ActiveCfg = Release|Any CPU
		{0CB40554-79D2-4F03-90B6-7168945F0E78}.CD_ROM|Any CPU.ActiveCfg = Release|Any CPU
		{0CB40554-79D2-4F03-90B6-7168945F0E78}.CD_ROM|Any CPU.Build.0 = Release|Any CPU
		{0CB40554-79D2-4F03-90B6-7168945F0E78}.CD_ROM|Mixed Platforms.ActiveCfg = Release|Any CPU
		{0CB40554-79D2-4F03-90B6-7168945F0E78}.CD_ROM|Mixed Platforms.Build.0 = Release|Any CPU
		{0CB40554-79D2-4F03-90B6-7168945F0E78}.CD_ROM|x86.ActiveCfg = Release|Any CPU
		{0CB40554-79D2-4F03-90B6-7168945F0E78}.Debug|Any CPU.ActiveCfg = Debug|Any CPU
		{0CB40554-79D2-4F03-90B6-7168945F0E78}.Debug|Any CPU.Build.0 = Debug|Any CPU
		{0CB40554-79D2-4F03-90B6-7168945F0E78}.Debug|Mixed Platforms.ActiveCfg = Debug|Any CPU
		{0CB40554-79D2-4F03-90B6-7168945F0E78}.Debug|Mixed Platforms.Build.0 = Debug|Any CPU
		{0CB40554-79D2-4F03-90B6-7168945F0E78}.Debug|x86.ActiveCfg = Debug|Any CPU
		{0CB40554-79D2-4F03-90B6-7168945F0E78}.DVD-5|Any CPU.ActiveCfg = Debug|Any CPU
		{0CB40554-79D2-4F03-90B6-7168945F0E78}.DVD-5|Any CPU.Build.0 = Debug|Any CPU
		{0CB40554-79D2-4F03-90B6-7168945F0E78}.DVD-5|Mixed Platforms.ActiveCfg = Debug|Any CPU
		{0CB40554-79D2-4F03-90B6-7168945F0E78}.DVD-5|Mixed Platforms.Build.0 = Debug|Any CPU
		{0CB40554-79D2-4F03-90B6-7168945F0E78}.DVD-5|x86.ActiveCfg = Debug|Any CPU
		{0CB40554-79D2-4F03-90B6-7168945F0E78}.Release|Any CPU.ActiveCfg = Release|Any CPU
		{0CB40554-79D2-4F03-90B6-7168945F0E78}.Release|Any CPU.Build.0 = Release|Any CPU
		{0CB40554-79D2-4F03-90B6-7168945F0E78}.Release|Mixed Platforms.ActiveCfg = Release|Any CPU
		{0CB40554-79D2-4F03-90B6-7168945F0E78}.Release|Mixed Platforms.Build.0 = Release|Any CPU
		{0CB40554-79D2-4F03-90B6-7168945F0E78}.Release|x86.ActiveCfg = Release|Any CPU
		{0CB40554-79D2-4F03-90B6-7168945F0E78}.SingleImage|Any CPU.ActiveCfg = Release|Any CPU
		{0CB40554-79D2-4F03-90B6-7168945F0E78}.SingleImage|Any CPU.Build.0 = Release|Any CPU
		{0CB40554-79D2-4F03-90B6-7168945F0E78}.SingleImage|Mixed Platforms.ActiveCfg = Release|Any CPU
		{0CB40554-79D2-4F03-90B6-7168945F0E78}.SingleImage|Mixed Platforms.Build.0 = Release|Any CPU
		{0CB40554-79D2-4F03-90B6-7168945F0E78}.SingleImage|x86.ActiveCfg = Release|Any CPU
		{C113B3CD-AACC-4809-BEF7-327393D39E1E}.CD_ROM|Any CPU.ActiveCfg = Release|Any CPU
		{C113B3CD-AACC-4809-BEF7-327393D39E1E}.CD_ROM|Any CPU.Build.0 = Release|Any CPU
		{C113B3CD-AACC-4809-BEF7-327393D39E1E}.CD_ROM|Mixed Platforms.ActiveCfg = Release|Any CPU
		{C113B3CD-AACC-4809-BEF7-327393D39E1E}.CD_ROM|Mixed Platforms.Build.0 = Release|Any CPU
		{C113B3CD-AACC-4809-BEF7-327393D39E1E}.CD_ROM|x86.ActiveCfg = Release|Any CPU
		{C113B3CD-AACC-4809-BEF7-327393D39E1E}.Debug|Any CPU.ActiveCfg = Debug|Any CPU
		{C113B3CD-AACC-4809-BEF7-327393D39E1E}.Debug|Any CPU.Build.0 = Debug|Any CPU
		{C113B3CD-AACC-4809-BEF7-327393D39E1E}.Debug|Mixed Platforms.ActiveCfg = Debug|Any CPU
		{C113B3CD-AACC-4809-BEF7-327393D39E1E}.Debug|Mixed Platforms.Build.0 = Debug|Any CPU
		{C113B3CD-AACC-4809-BEF7-327393D39E1E}.Debug|x86.ActiveCfg = Debug|Any CPU
		{C113B3CD-AACC-4809-BEF7-327393D39E1E}.DVD-5|Any CPU.ActiveCfg = Debug|Any CPU
		{C113B3CD-AACC-4809-BEF7-327393D39E1E}.DVD-5|Any CPU.Build.0 = Debug|Any CPU
		{C113B3CD-AACC-4809-BEF7-327393D39E1E}.DVD-5|Mixed Platforms.ActiveCfg = Debug|Any CPU
		{C113B3CD-AACC-4809-BEF7-327393D39E1E}.DVD-5|Mixed Platforms.Build.0 = Debug|Any CPU
		{C113B3CD-AACC-4809-BEF7-327393D39E1E}.DVD-5|x86.ActiveCfg = Debug|Any CPU
		{C113B3CD-AACC-4809-BEF7-327393D39E1E}.Release|Any CPU.ActiveCfg = Release|Any CPU
		{C113B3CD-AACC-4809-BEF7-327393D39E1E}.Release|Any CPU.Build.0 = Release|Any CPU
		{C113B3CD-AACC-4809-BEF7-327393D39E1E}.Release|Mixed Platforms.ActiveCfg = Release|Any CPU
		{C113B3CD-AACC-4809-BEF7-327393D39E1E}.Release|Mixed Platforms.Build.0 = Release|Any CPU
		{C113B3CD-AACC-4809-BEF7-327393D39E1E}.Release|x86.ActiveCfg = Release|Any CPU
		{C113B3CD-AACC-4809-BEF7-327393D39E1E}.SingleImage|Any CPU.ActiveCfg = Release|Any CPU
		{C113B3CD-AACC-4809-BEF7-327393D39E1E}.SingleImage|Any CPU.Build.0 = Release|Any CPU
		{C113B3CD-AACC-4809-BEF7-327393D39E1E}.SingleImage|Mixed Platforms.ActiveCfg = Release|Any CPU
		{C113B3CD-AACC-4809-BEF7-327393D39E1E}.SingleImage|Mixed Platforms.Build.0 = Release|Any CPU
		{C113B3CD-AACC-4809-BEF7-327393D39E1E}.SingleImage|x86.ActiveCfg = Release|Any CPU
		{24B2C0FC-6258-4D5F-A110-777419B9BF7A}.CD_ROM|Any CPU.ActiveCfg = Release|Any CPU
		{24B2C0FC-6258-4D5F-A110-777419B9BF7A}.CD_ROM|Any CPU.Build.0 = Release|Any CPU
		{24B2C0FC-6258-4D5F-A110-777419B9BF7A}.CD_ROM|Mixed Platforms.ActiveCfg = Release|Any CPU
		{24B2C0FC-6258-4D5F-A110-777419B9BF7A}.CD_ROM|Mixed Platforms.Build.0 = Release|Any CPU
		{24B2C0FC-6258-4D5F-A110-777419B9BF7A}.CD_ROM|x86.ActiveCfg = Release|Any CPU
		{24B2C0FC-6258-4D5F-A110-777419B9BF7A}.Debug|Any CPU.ActiveCfg = Debug|Any CPU
		{24B2C0FC-6258-4D5F-A110-777419B9BF7A}.Debug|Any CPU.Build.0 = Debug|Any CPU
		{24B2C0FC-6258-4D5F-A110-777419B9BF7A}.Debug|Mixed Platforms.ActiveCfg = Debug|Any CPU
		{24B2C0FC-6258-4D5F-A110-777419B9BF7A}.Debug|Mixed Platforms.Build.0 = Debug|Any CPU
		{24B2C0FC-6258-4D5F-A110-777419B9BF7A}.Debug|x86.ActiveCfg = Debug|Any CPU
		{24B2C0FC-6258-4D5F-A110-777419B9BF7A}.DVD-5|Any CPU.ActiveCfg = Debug|Any CPU
		{24B2C0FC-6258-4D5F-A110-777419B9BF7A}.DVD-5|Any CPU.Build.0 = Debug|Any CPU
		{24B2C0FC-6258-4D5F-A110-777419B9BF7A}.DVD-5|Mixed Platforms.ActiveCfg = Debug|Any CPU
		{24B2C0FC-6258-4D5F-A110-777419B9BF7A}.DVD-5|Mixed Platforms.Build.0 = Debug|Any CPU
		{24B2C0FC-6258-4D5F-A110-777419B9BF7A}.DVD-5|x86.ActiveCfg = Debug|Any CPU
		{24B2C0FC-6258-4D5F-A110-777419B9BF7A}.Release|Any CPU.ActiveCfg = Release|Any CPU
		{24B2C0FC-6258-4D5F-A110-777419B9BF7A}.Release|Any CPU.Build.0 = Release|Any CPU
		{24B2C0FC-6258-4D5F-A110-777419B9BF7A}.Release|Mixed Platforms.ActiveCfg = Release|Any CPU
		{24B2C0FC-6258-4D5F-A110-777419B9BF7A}.Release|Mixed Platforms.Build.0 = Release|Any CPU
		{24B2C0FC-6258-4D5F-A110-777419B9BF7A}.Release|x86.ActiveCfg = Release|Any CPU
		{24B2C0FC-6258-4D5F-A110-777419B9BF7A}.SingleImage|Any CPU.ActiveCfg = Release|Any CPU
		{24B2C0FC-6258-4D5F-A110-777419B9BF7A}.SingleImage|Any CPU.Build.0 = Release|Any CPU
		{24B2C0FC-6258-4D5F-A110-777419B9BF7A}.SingleImage|Mixed Platforms.ActiveCfg = Release|Any CPU
		{24B2C0FC-6258-4D5F-A110-777419B9BF7A}.SingleImage|Mixed Platforms.Build.0 = Release|Any CPU
		{24B2C0FC-6258-4D5F-A110-777419B9BF7A}.SingleImage|x86.ActiveCfg = Release|Any CPU
	EndGlobalSection
	GlobalSection(SolutionProperties) = preSolution
		HideSolutionNode = FALSE
	EndGlobalSection
	GlobalSection(NestedProjects) = preSolution
		{0241789C-8A75-4E88-ACD5-53F463E176D7} = {4ED49EBF-C006-4D2D-96FA-BB3EF6FFFAD6}
		{3B7961FB-5385-4A67-9600-CD700FEE06F7} = {4ED49EBF-C006-4D2D-96FA-BB3EF6FFFAD6}
		{54BC8ABC-7BD9-4EA2-AF88-88478E214036} = {4ED49EBF-C006-4D2D-96FA-BB3EF6FFFAD6}
		{63833D61-8BD8-4E37-9AF8-25CB2DA0E483} = {0241789C-8A75-4E88-ACD5-53F463E176D7}
		{663F1CCC-148F-4CF3-8B03-D6EE7DBBF8F2} = {0241789C-8A75-4E88-ACD5-53F463E176D7}
		{4C1E7506-A23E-42A1-B46D-6BD43AE55B44} = {0241789C-8A75-4E88-ACD5-53F463E176D7}
		{78002306-7B50-4C3D-8B4B-CE9F118150FA} = {0241789C-8A75-4E88-ACD5-53F463E176D7}
		{F5FFF01C-FD49-4A5A-A888-24A3107C08B8} = {0241789C-8A75-4E88-ACD5-53F463E176D7}
		{C589D2C8-E77F-4ECB-82CC-9F98C804832C} = {0241789C-8A75-4E88-ACD5-53F463E176D7}
		{F969A920-3404-47B2-A063-820C426728C3} = {0241789C-8A75-4E88-ACD5-53F463E176D7}
		{14A7B989-676A-4990-A532-F0B300002895} = {0241789C-8A75-4E88-ACD5-53F463E176D7}
		{C9B3B6E0-2E54-40CB-90DF-F452CBFD2D7C} = {0241789C-8A75-4E88-ACD5-53F463E176D7}
		{0CB40554-79D2-4F03-90B6-7168945F0E78} = {0241789C-8A75-4E88-ACD5-53F463E176D7}
		{C113B3CD-AACC-4809-BEF7-327393D39E1E} = {0241789C-8A75-4E88-ACD5-53F463E176D7}
		{C41626E2-3977-4D0E-9CE7-250E060BD261} = {3B7961FB-5385-4A67-9600-CD700FEE06F7}
		{24B2C0FC-6258-4D5F-A110-777419B9BF7A} = {54BC8ABC-7BD9-4EA2-AF88-88478E214036}
	EndGlobalSection
EndGlobal
